
Microsoft Visual Studio Solution File, Format Version 12.00
# Visual Studio Version 17
VisualStudioVersion = 17.9.34622.214
MinimumVisualStudioVersion = 10.0.40219.1
Project("{FAE04EC0-301F-11D3-BF4B-00C04F79EFBC}") = "WinFormsApp2", "WinFormsApp2\WinFormsApp2.csproj", "{5B2922B3-2F2A-4AE3-BA3C-2580B8C1A482}"
EndProject
Global
	GlobalSection(SolutionConfigurationPlatforms) = preSolution
		Debug|Any CPU = Debug|Any CPU
		Release|Any CPU = Release|Any CPU
	EndGlobalSection
	GlobalSection(ProjectConfigurationPlatforms) = postSolution
		{5B2922B3-2F2A-4AE3-BA3C-2580B8C1A482}.Debug|Any CPU.ActiveCfg = Debug|Any CPU
		{5B2922B3-2F2A-4AE3-BA3C-2580B8C1A482}.Debug|Any CPU.Build.0 = Debug|Any CPU
		{5B2922B3-2F2A-4AE3-BA3C-2580B8C1A482}.Release|Any CPU.ActiveCfg = Release|Any CPU
		{5B2922B3-2F2A-4AE3-BA3C-2580B8C1A482}.Release|Any CPU.Build.0 = Release|Any CPU
	EndGlobalSection
	GlobalSection(SolutionProperties) = preSolution
		HideSolutionNode = FALSE
	EndGlobalSection
	GlobalSection(ExtensibilityGlobals) = postSolution
		SolutionGuid = {32285E25-A9F3-4B1D-BD91-6C40B412F4DC}
	EndGlobalSection
EndGlobal
